Microsoft Visual Studio Solution File, Format Version 12.00
# Visual Studio Version 17
VisualStudioVersion = 17.5.2.0
MinimumVisualStudioVersion = 10.0.40219.1
Project("{FAE04EC0-301F-11D3-BF4B-00C04F79EFBC}") = "Lucide.Avalonia", "Lucide.Avalonia\Lucide.Avalonia.csproj", "{3B0FC7C7-71BD-DEF4-7A43-5D07A632E4DB}"
EndProject
Project("{FAE04EC0-301F-11D3-BF4B-00C04F79EFBC}") = "Generator.Icons", "Generator.Icons\Generator.Icons.csproj", "{C0A447D5-C19A-44F7-9CE5-17ADF0A28BF5}"
EndProject
Project("{FAE04EC0-301F-11D3-BF4B-00C04F79EFBC}") = "Lucide.Avalonia.Gallery", "Lucide.Avalonia.Gallery\Lucide.Avalonia.Gallery.csproj", "{EDD7CDF6-3C2F-4587-80AD-32FF5BCCF748}"
EndProject
Project("{FAE04EC0-301F-11D3-BF4B-00C04F79EFBC}") = "SukiUI", "..\ext\SukiUI\SukiUI\SukiUI.csproj", "{68D873F7-2620-45CF-D536-4F46B845F8D7}"
EndProject
Project("{FAE04EC0-301F-11D3-BF4B-00C04F79EFBC}") = "Generator.ReleaseNotes", "Generator.ReleaseNotes\Generator.ReleaseNotes.csproj", "{6984126F-B4F4-4F2D-9012-3AB3F8A65B4B}"
EndProject
Global
	GlobalSection(SolutionConfigurationPlatforms) = preSolution
		Debug|Any CPU = Debug|Any CPU
		Release|Any CPU = Release|Any CPU
	EndGlobalSection
	GlobalSection(ProjectConfigurationPlatforms) = postSolution
		{3B0FC7C7-71BD-DEF4-7A43-5D07A632E4DB}.Debug|Any CPU.ActiveCfg = Debug|Any CPU
		{3B0FC7C7-71BD-DEF4-7A43-5D07A632E4DB}.Debug|Any CPU.Build.0 = Debug|Any CPU
		{3B0FC7C7-71BD-DEF4-7A43-5D07A632E4DB}.Release|Any CPU.ActiveCfg = Release|Any CPU
		{3B0FC7C7-71BD-DEF4-7A43-5D07A632E4DB}.Release|Any CPU.Build.0 = Release|Any CPU
		{C0A447D5-C19A-44F7-9CE5-17ADF0A28BF5}.Debug|Any CPU.ActiveCfg = Debug|Any CPU
		{C0A447D5-C19A-44F7-9CE5-17ADF0A28BF5}.Debug|Any CPU.Build.0 = Debug|Any CPU
		{C0A447D5-C19A-44F7-9CE5-17ADF0A28BF5}.Release|Any CPU.ActiveCfg = Release|Any CPU
		{C0A447D5-C19A-44F7-9CE5-17ADF0A28BF5}.Release|Any CPU.Build.0 = Release|Any CPU
		{EDD7CDF6-3C2F-4587-80AD-32FF5BCCF748}.Debug|Any CPU.ActiveCfg = Debug|Any CPU
		{EDD7CDF6-3C2F-4587-80AD-32FF5BCCF748}.Debug|Any CPU.Build.0 = Debug|Any CPU
		{EDD7CDF6-3C2F-4587-80AD-32FF5BCCF748}.Release|Any CPU.ActiveCfg = Release|Any CPU
		{EDD7CDF6-3C2F-4587-80AD-32FF5BCCF748}.Release|Any CPU.Build.0 = Release|Any CPU
		{68D873F7-2620-45CF-D536-4F46B845F8D7}.Debug|Any CPU.ActiveCfg = Debug|Any CPU
		{68D873F7-2620-45CF-D536-4F46B845F8D7}.Debug|Any CPU.Build.0 = Debug|Any CPU
		{68D873F7-2620-45CF-D536-4F46B845F8D7}.Release|Any CPU.ActiveCfg = Release|Any CPU
		{68D873F7-2620-45CF-D536-4F46B845F8D7}.Release|Any CPU.Build.0 = Release|Any CPU
		{6984126F-B4F4-4F2D-9012-3AB3F8A65B4B}.Debug|Any CPU.ActiveCfg = Debug|Any CPU
		{6984126F-B4F4-4F2D-9012-3AB3F8A65B4B}.Debug|Any CPU.Build.0 = Debug|Any CPU
		{6984126F-B4F4-4F2D-9012-3AB3F8A65B4B}.Release|Any CPU.ActiveCfg = Release|Any CPU
		{6984126F-B4F4-4F2D-9012-3AB3F8A65B4B}.Release|Any CPU.Build.0 = Release|Any CPU
	EndGlobalSection
	GlobalSection(SolutionProperties) = preSolution
		HideSolutionNode = FALSE
	EndGlobalSection
	GlobalSection(ExtensibilityGlobals) = postSolution
		SolutionGuid = {2B8DF243-C10F-49D4-9993-09C19AD61E40}
	EndGlobalSection
EndGlobal
